
Microsoft Visual Studio Solution File, Format Version 12.00
# Visual Studio 15
VisualStudioVersion = 15.0.27428.2015
MinimumVisualStudioVersion = 10.0.40219.1
Project("{8BC9CEB8-8B4A-11D0-8D11-00A0C91BC942}") = "LinearRegression", "LinearRegression.vcxproj", "{2571ECE5-952B-46B9-8174-F74800EBCB94}"
EndProject
Global
	GlobalSection(SolutionConfigurationPlatforms) = preSolution
		Debug|x64 = Debug|x64
		Debug|x86 = Debug|x86
		Release|x64 = Release|x64
		Release|x86 = Release|x86
	EndGlobalSection
	GlobalSection(ProjectConfigurationPlatforms) = postSolution
		{2571ECE5-952B-46B9-8174-F74800EBCB94}.Debug|x64.ActiveCfg = Debug|x64
		{2571ECE5-952B-46B9-8174-F74800EBCB94}.Debug|x64.Build.0 = Debug|x64
		{2571ECE5-952B-46B9-8174-F74800EBCB94}.Debug|x86.ActiveCfg = Debug|Win32
		{2571ECE5-952B-46B9-8174-F74800EBCB94}.Debug|x86.Build.0 = Debug|Win32
		{2571ECE5-952B-46B9-8174-F74800EBCB94}.Release|x64.ActiveCfg = Release|x64
		{2571ECE5-952B-46B9-8174-F74800EBCB94}.Release|x64.Build.0 = Release|x64
		{2571ECE5-952B-46B9-8174-F74800EBCB94}.Release|x86.ActiveCfg = Release|Win32
		{2571ECE5-952B-46B9-8174-F74800EBCB94}.Release|x86.Build.0 = Release|Win32
	EndGlobalSection
	GlobalSection(SolutionProperties) = preSolution
		HideSolutionNode = FALSE
	EndGlobalSection
	GlobalSection(ExtensibilityGlobals) = postSolution
		SolutionGuid = {2F29E796-2B44-494D-84A1-2BB6229C55B5}
	EndGlobalSection
EndGlobal
